
Microsoft Visual Studio Solution File, Format Version 12.00
# Visual Studio Version 17
VisualStudioVersion = 17.8.34330.188
MinimumVisualStudioVersion = 10.0.40219.1
Project("{FAE04EC0-301F-11D3-BF4B-00C04F79EFBC}") = "For Loop", "For Loop\For Loop.csproj", "{D63F8733-43C7-4BE0-9F6E-296EB5814A61}"
EndProject
Global
	GlobalSection(SolutionConfigurationPlatforms) = preSolution
		Debug|Any CPU = Debug|Any CPU
		Release|Any CPU = Release|Any CPU
	EndGlobalSection
	GlobalSection(ProjectConfigurationPlatforms) = postSolution
		{D63F8733-43C7-4BE0-9F6E-296EB5814A61}.Debug|Any CPU.ActiveCfg = Debug|Any CPU
		{D63F8733-43C7-4BE0-9F6E-296EB5814A61}.Debug|Any CPU.Build.0 = Debug|Any CPU
		{D63F8733-43C7-4BE0-9F6E-296EB5814A61}.Release|Any CPU.ActiveCfg = Release|Any CPU
		{D63F8733-43C7-4BE0-9F6E-296EB5814A61}.Release|Any CPU.Build.0 = Release|Any CPU
	EndGlobalSection
	GlobalSection(SolutionProperties) = preSolution
		HideSolutionNode = FALSE
	EndGlobalSection
	GlobalSection(ExtensibilityGlobals) = postSolution
		SolutionGuid = {3D5FA3F4-88B5-4B5D-8086-909EE6D2AD6B}
	EndGlobalSection
EndGlobal
